
Microsoft Visual Studio Solution File, Format Version 12.00
Project("{F2A71F9B-5D33-465A-A702-920D77279786}") = "palangServer", "palangServer.fsproj", "{35688E5F-A126-4665-9D82-ED1A3A90A022}"
EndProject
Global
	GlobalSection(SolutionConfigurationPlatforms) = preSolution
		Debug|Any CPU = Debug|Any CPU
		Release|Any CPU = Release|Any CPU
	EndGlobalSection
	GlobalSection(ProjectConfigurationPlatforms) = postSolution
		{35688E5F-A126-4665-9D82-ED1A3A90A022}.Debug|Any CPU.ActiveCfg = Debug|Any CPU
		{35688E5F-A126-4665-9D82-ED1A3A90A022}.Debug|Any CPU.Build.0 = Debug|Any CPU
		{35688E5F-A126-4665-9D82-ED1A3A90A022}.Release|Any CPU.ActiveCfg = Release|Any CPU
		{35688E5F-A126-4665-9D82-ED1A3A90A022}.Release|Any CPU.Build.0 = Release|Any CPU
	EndGlobalSection
EndGlobal
